
Microsoft Visual Studio Solution File, Format Version 12.00
# Visual Studio Version 17
VisualStudioVersion = 17.4.33110.190
MinimumVisualStudioVersion = 10.0.40219.1
Project("{FAE04EC0-301F-11D3-BF4B-00C04F79EFBC}") = "1.hello World", "exercice_1\1.hello World.csproj", "{3348FACB-ED13-47F6-9A2A-4934BE0774B3}"
EndProject
Project("{FAE04EC0-301F-11D3-BF4B-00C04F79EFBC}") = "2.cube d'un nombre", "exercice_2\2.cube d'un nombre.csproj", "{DB36A3DE-239E-43E0-AA98-FAD173D4BD39}"
EndProject
Project("{FAE04EC0-301F-11D3-BF4B-00C04F79EFBC}") = "3.périmètre d'un cercle", "Exercice_3\3.périmètre d'un cercle.csproj", "{9D385DE6-E40F-4029-9564-61456420B667}"
EndProject
Project("{FAE04EC0-301F-11D3-BF4B-00C04F79EFBC}") = "4. comprendre l'affectation", "Exercice_4\4. comprendre l'affectation.csproj", "{30784207-C66D-457F-B8B2-A37515BA0F10}"
EndProject
Project("{FAE04EC0-301F-11D3-BF4B-00C04F79EFBC}") = "5Permutation", "PermutationExercice\5Permutation.csproj", "{71E3A544-1279-4533-B24A-74BCBC14B64C}"
EndProject
Project("{FAE04EC0-301F-11D3-BF4B-00C04F79EFBC}") = "06pair_xercice", "pair_xercice\06pair_xercice.csproj", "{573DDC04-9E2E-42A8-B274-D278A928365B}"
EndProject
Project("{FAE04EC0-301F-11D3-BF4B-00C04F79EFBC}") = "8.Signe_d'un_nombre", "Signe_d'un_nombre\8.Signe_d'un_nombre.csproj", "{98518281-F315-49B1-B9AE-D0C7A9B267FF}"
EndProject
Project("{FAE04EC0-301F-11D3-BF4B-00C04F79EFBC}") = "09NoteExercice", "NoteExercice\09NoteExercice.csproj", "{BF7BFEC3-C474-4743-A79E-7AADD490D010}"
EndProject
Project("{FAE04EC0-301F-11D3-BF4B-00C04F79EFBC}") = "7.Maximum", "MaximumExercice\7.Maximum.csproj", "{7BF7071D-CD35-4835-84BB-226E1E737057}"
EndProject
Project("{FAE04EC0-301F-11D3-BF4B-00C04F79EFBC}") = "14FacturesPhotocopies", "FacturesPhotocopies\14FacturesPhotocopies.csproj", "{A726DA01-BF34-4C8F-A9D4-52668EF37FC3}"
EndProject
Project("{FAE04EC0-301F-11D3-BF4B-00C04F79EFBC}") = "10_signe_dun_produit", "10_signe_dun_produit\10_signe_dun_produit.csproj", "{E77C7E32-3E40-45EC-9CB9-33C9383049B0}"
EndProject
Project("{FAE04EC0-301F-11D3-BF4B-00C04F79EFBC}") = "11.Reponse", "11.Reponse\11.Reponse.csproj", "{CA63BCDD-B516-41A6-8E83-263B859F8FF4}"
EndProject
Project("{FAE04EC0-301F-11D3-BF4B-00C04F79EFBC}") = "12.catégorie", "12.catégorie\12.catégorie.csproj", "{10A006C0-92A0-4B77-920D-9FCE932F0D2E}"
EndProject
Project("{9A19103F-16F7-4668-BE54-9A1E7A4F7556}") = "13.impôt_zorglub", "13.impôt_zorglub\13.impôt_zorglub.csproj", "{12F571C9-EE45-4CB3-AC64-56EEA992DAE5}"
EndProject
Project("{9A19103F-16F7-4668-BE54-9A1E7A4F7556}") = "14_facture_photocopies", "14_facture_photocopies\14_facture_photocopies.csproj", "{B1F2AA60-271F-4ED5-A1E8-572BCA277F68}"
EndProject
Project("{9A19103F-16F7-4668-BE54-9A1E7A4F7556}") = "15_assurance", "15_assurance\15_assurance.csproj", "{B8471213-2987-4DAD-8A93-A5C23380FFB7}"
EndProject
Project("{9A19103F-16F7-4668-BE54-9A1E7A4F7556}") = "16.somme_de_n_entiers", "16.somme_de_n_entiers\16.somme_de_n_entiers.csproj", "{982953CE-E0F7-4194-BECD-29330EEC4BD5}"
EndProject
Project("{9A19103F-16F7-4668-BE54-9A1E7A4F7556}") = "16_bis_factorielle_de_N", "16_bis_factorielle_de_N\16_bis_factorielle_de_N.csproj", "{39A69463-6526-4CCE-92C5-819CF23B6D2D}"
EndProject
Project("{9A19103F-16F7-4668-BE54-9A1E7A4F7556}") = "produit_des_entiers_de_n", "produit_des_entiers_de_n\produit_des_entiers_de_n.csproj", "{B2C5A3B7-4E19-42AE-B9FA-8E26D78EBA47}"
EndProject
Project("{9A19103F-16F7-4668-BE54-9A1E7A4F7556}") = "17.Somme_des_entiers_pairs", "17.Somme_des_entiers_pairs\17.Somme_des_entiers_pairs.csproj", "{DF7DFA09-7AF6-4C11-B2C5-5667410E71FA}"
EndProject
Project("{FAE04EC0-301F-11D3-BF4B-00C04F79EFBC}") = "18.Table de multiplication", "18.Table de multiplication\18.Table de multiplication.csproj", "{BCDA29FD-0FDB-405C-BF0F-1CC89D2E9FB6}"
EndProject
Project("{9A19103F-16F7-4668-BE54-9A1E7A4F7556}") = "20.Saisie_numero_de_mois", "20.Saisie_numero_de_mois\20.Saisie_numero_de_mois.csproj", "{F2D2A600-2DE7-4C0B-9D40-3EAEC6EDD92A}"
EndProject
Project("{9A19103F-16F7-4668-BE54-9A1E7A4F7556}") = "21.Factorielle", "21.Factorielle\21.Factorielle.csproj", "{C68CAA1B-46FA-4188-B776-FC570EF8014D}"
EndProject
Project("{9A19103F-16F7-4668-BE54-9A1E7A4F7556}") = "for_somme_nentier", "for_somme_nentier\for_somme_nentier.csproj", "{10D2B6E0-AA95-4D5A-AAFB-917418A6B7F5}"
EndProject
Project("{9A19103F-16F7-4668-BE54-9A1E7A4F7556}") = "For_Factorielle", "For_Factorielle\For_Factorielle.csproj", "{B35D56C3-6621-46A6-A275-6FE0CA0B1C34}"
EndProject
Project("{9A19103F-16F7-4668-BE54-9A1E7A4F7556}") = "22.Fizbuzz", "22.Fizbuzz\22.Fizbuzz.csproj", "{7844CE11-A8A4-4C63-82D1-B0B8F81850FA}"
EndProject
Project("{9A19103F-16F7-4668-BE54-9A1E7A4F7556}") = "Recherche_dicothomique", "Recherche_dicothomique\Recherche_dicothomique.csproj", "{2519C062-1DE2-485F-93B6-178844CF5FE3}"
EndProject
Project("{9A19103F-16F7-4668-BE54-9A1E7A4F7556}") = "23_Plus_ou_moins", "23_Plus_ou_moins\23_Plus_ou_moins.csproj", "{4D7EEE31-E0FF-4662-8DBD-0BA191DD6F30}"
EndProject
Project("{9A19103F-16F7-4668-BE54-9A1E7A4F7556}") = "24 Rendu_de_monnaie", "24 Rendu_de_monnaie\24 Rendu_de_monnaie.csproj", "{0B09903F-4FA8-46EB-B3B8-22638A32C9BE}"
EndProject
Project("{9A19103F-16F7-4668-BE54-9A1E7A4F7556}") = "Tableaux.1", "Tableaux.1\Tableaux.1.csproj", "{2629CF4D-62AD-487F-A86A-D0FF51EF14EA}"
EndProject
Project("{9A19103F-16F7-4668-BE54-9A1E7A4F7556}") = "Perso_Tableau", "Perso_Tableau\Perso_Tableau.csproj", "{FFFEF327-D639-468C-94A2-F4EC1EBA3D91}"
EndProject
Project("{9A19103F-16F7-4668-BE54-9A1E7A4F7556}") = "Tableau.2_Voyelle", "Tableau.2_Voyelle\Tableau.2_Voyelle.csproj", "{A8A6D6C6-688B-4386-92ED-3D6499A32BF9}"
EndProject
Project("{9A19103F-16F7-4668-BE54-9A1E7A4F7556}") = "Tableau.3_Ce_que_fait_le_programe", "Tableau.3_Ce_que_fait_le_programe\Tableau.3_Ce_que_fait_le_programe.csproj", "{7EB0A7DE-E12B-45E5-8808-947B9B29AF08}"
EndProject
Project("{9A19103F-16F7-4668-BE54-9A1E7A4F7556}") = "Tableau.4_ce_que_fait_le_programe", "Tableau.4_ce_que_fait_le_programe\Tableau.4_ce_que_fait_le_programe.csproj", "{151294EE-3442-46F8-811A-F84821672EC2}"
EndProject
Project("{9A19103F-16F7-4668-BE54-9A1E7A4F7556}") = "Tableau.5_Ce_que_fait_ce_programme", "Tableau.5_Ce_que_fait_ce_programme\Tableau.5_Ce_que_fait_ce_programme.csproj", "{CC41A929-0F9E-441B-A5AF-FC045FF5D34A}"
EndProject
Project("{9A19103F-16F7-4668-BE54-9A1E7A4F7556}") = "Tableau.6_Positif_négatif", "Tableau.6_Positif_négatif\Tableau.6_Positif_négatif.csproj", "{B1EDA4A0-FE04-4154-969D-E65A37B11B37}"
EndProject
Project("{9A19103F-16F7-4668-BE54-9A1E7A4F7556}") = "7.Somme_de_2_tableaux", "7.Somme_de_2_tableaux\7.Somme_de_2_tableaux.csproj", "{ED26CBF3-0BFC-4EA8-BE04-C2CA28886716}"
EndProject
Project("{FAE04EC0-301F-11D3-BF4B-00C04F79EFBC}") = "Tableau.8_Stroumf", "Tableau.8_Stroumf\Tableau.8_Stroumf.csproj", "{D6299431-BFC8-4D77-AD37-8366D5FCBF28}"
EndProject
Global
	GlobalSection(SolutionConfigurationPlatforms) = preSolution
		Debug|Any CPU = Debug|Any CPU
		Release|Any CPU = Release|Any CPU
	EndGlobalSection
	GlobalSection(ProjectConfigurationPlatforms) = postSolution
		{3348FACB-ED13-47F6-9A2A-4934BE0774B3}.Debug|Any CPU.ActiveCfg = Debug|Any CPU
		{3348FACB-ED13-47F6-9A2A-4934BE0774B3}.Debug|Any CPU.Build.0 = Debug|Any CPU
		{3348FACB-ED13-47F6-9A2A-4934BE0774B3}.Release|Any CPU.ActiveCfg = Release|Any CPU
		{3348FACB-ED13-47F6-9A2A-4934BE0774B3}.Release|Any CPU.Build.0 = Release|Any CPU
		{DB36A3DE-239E-43E0-AA98-FAD173D4BD39}.Debug|Any CPU.ActiveCfg = Debug|Any CPU
		{DB36A3DE-239E-43E0-AA98-FAD173D4BD39}.Debug|Any CPU.Build.0 = Debug|Any CPU
		{DB36A3DE-239E-43E0-AA98-FAD173D4BD39}.Release|Any CPU.ActiveCfg = Release|Any CPU
		{DB36A3DE-239E-43E0-AA98-FAD173D4BD39}.Release|Any CPU.Build.0 = Release|Any CPU
		{9D385DE6-E40F-4029-9564-61456420B667}.Debug|Any CPU.ActiveCfg = Debug|Any CPU
		{9D385DE6-E40F-4029-9564-61456420B667}.Debug|Any CPU.Build.0 = Debug|Any CPU
		{9D385DE6-E40F-4029-9564-61456420B667}.Release|Any CPU.ActiveCfg = Release|Any CPU
		{9D385DE6-E40F-4029-9564-61456420B667}.Release|Any CPU.Build.0 = Release|Any CPU
		{30784207-C66D-457F-B8B2-A37515BA0F10}.Debug|Any CPU.ActiveCfg = Debug|Any CPU
		{30784207-C66D-457F-B8B2-A37515BA0F10}.Debug|Any CPU.Build.0 = Debug|Any CPU
		{30784207-C66D-457F-B8B2-A37515BA0F10}.Release|Any CPU.ActiveCfg = Release|Any CPU
		{30784207-C66D-457F-B8B2-A37515BA0F10}.Release|Any CPU.Build.0 = Release|Any CPU
		{71E3A544-1279-4533-B24A-74BCBC14B64C}.Debug|Any CPU.ActiveCfg = Debug|Any CPU
		{71E3A544-1279-4533-B24A-74BCBC14B64C}.Debug|Any CPU.Build.0 = Debug|Any CPU
		{71E3A544-1279-4533-B24A-74BCBC14B64C}.Release|Any CPU.ActiveCfg = Release|Any CPU
		{71E3A544-1279-4533-B24A-74BCBC14B64C}.Release|Any CPU.Build.0 = Release|Any CPU
		{573DDC04-9E2E-42A8-B274-D278A928365B}.Debug|Any CPU.ActiveCfg = Debug|Any CPU
		{573DDC04-9E2E-42A8-B274-D278A928365B}.Debug|Any CPU.Build.0 = Debug|Any CPU
		{573DDC04-9E2E-42A8-B274-D278A928365B}.Release|Any CPU.ActiveCfg = Release|Any CPU
		{573DDC04-9E2E-42A8-B274-D278A928365B}.Release|Any CPU.Build.0 = Release|Any CPU
		{98518281-F315-49B1-B9AE-D0C7A9B267FF}.Debug|Any CPU.ActiveCfg = Debug|Any CPU
		{98518281-F315-49B1-B9AE-D0C7A9B267FF}.Debug|Any CPU.Build.0 = Debug|Any CPU
		{98518281-F315-49B1-B9AE-D0C7A9B267FF}.Release|Any CPU.ActiveCfg = Release|Any CPU
		{98518281-F315-49B1-B9AE-D0C7A9B267FF}.Release|Any CPU.Build.0 = Release|Any CPU
		{BF7BFEC3-C474-4743-A79E-7AADD490D010}.Debug|Any CPU.ActiveCfg = Debug|Any CPU
		{BF7BFEC3-C474-4743-A79E-7AADD490D010}.Debug|Any CPU.Build.0 = Debug|Any CPU
		{BF7BFEC3-C474-4743-A79E-7AADD490D010}.Release|Any CPU.ActiveCfg = Release|Any CPU
		{BF7BFEC3-C474-4743-A79E-7AADD490D010}.Release|Any CPU.Build.0 = Release|Any CPU
		{7BF7071D-CD35-4835-84BB-226E1E737057}.Debug|Any CPU.ActiveCfg = Debug|Any CPU
		{7BF7071D-CD35-4835-84BB-226E1E737057}.Debug|Any CPU.Build.0 = Debug|Any CPU
		{7BF7071D-CD35-4835-84BB-226E1E737057}.Release|Any CPU.ActiveCfg = Release|Any CPU
		{7BF7071D-CD35-4835-84BB-226E1E737057}.Release|Any CPU.Build.0 = Release|Any CPU
		{A726DA01-BF34-4C8F-A9D4-52668EF37FC3}.Debug|Any CPU.ActiveCfg = Debug|Any CPU
		{A726DA01-BF34-4C8F-A9D4-52668EF37FC3}.Debug|Any CPU.Build.0 = Debug|Any CPU
		{A726DA01-BF34-4C8F-A9D4-52668EF37FC3}.Release|Any CPU.ActiveCfg = Release|Any CPU
		{A726DA01-BF34-4C8F-A9D4-52668EF37FC3}.Release|Any CPU.Build.0 = Release|Any CPU
		{E77C7E32-3E40-45EC-9CB9-33C9383049B0}.Debug|Any CPU.ActiveCfg = Debug|Any CPU
		{E77C7E32-3E40-45EC-9CB9-33C9383049B0}.Debug|Any CPU.Build.0 = Debug|Any CPU
		{E77C7E32-3E40-45EC-9CB9-33C9383049B0}.Release|Any CPU.ActiveCfg = Release|Any CPU
		{E77C7E32-3E40-45EC-9CB9-33C9383049B0}.Release|Any CPU.Build.0 = Release|Any CPU
		{CA63BCDD-B516-41A6-8E83-263B859F8FF4}.Debug|Any CPU.ActiveCfg = Debug|Any CPU
		{CA63BCDD-B516-41A6-8E83-263B859F8FF4}.Debug|Any CPU.Build.0 = Debug|Any CPU
		{CA63BCDD-B516-41A6-8E83-263B859F8FF4}.Release|Any CPU.ActiveCfg = Release|Any CPU
		{CA63BCDD-B516-41A6-8E83-263B859F8FF4}.Release|Any CPU.Build.0 = Release|Any CPU
		{10A006C0-92A0-4B77-920D-9FCE932F0D2E}.Debug|Any CPU.ActiveCfg = Debug|Any CPU
		{10A006C0-92A0-4B77-920D-9FCE932F0D2E}.Debug|Any CPU.Build.0 = Debug|Any CPU
		{10A006C0-92A0-4B77-920D-9FCE932F0D2E}.Release|Any CPU.ActiveCfg = Release|Any CPU
		{10A006C0-92A0-4B77-920D-9FCE932F0D2E}.Release|Any CPU.Build.0 = Release|Any CPU
		{12F571C9-EE45-4CB3-AC64-56EEA992DAE5}.Debug|Any CPU.ActiveCfg = Debug|Any CPU
		{12F571C9-EE45-4CB3-AC64-56EEA992DAE5}.Debug|Any CPU.Build.0 = Debug|Any CPU
		{12F571C9-EE45-4CB3-AC64-56EEA992DAE5}.Release|Any CPU.ActiveCfg = Release|Any CPU
		{12F571C9-EE45-4CB3-AC64-56EEA992DAE5}.Release|Any CPU.Build.0 = Release|Any CPU
		{B1F2AA60-271F-4ED5-A1E8-572BCA277F68}.Debug|Any CPU.ActiveCfg = Debug|Any CPU
		{B1F2AA60-271F-4ED5-A1E8-572BCA277F68}.Debug|Any CPU.Build.0 = Debug|Any CPU
		{B1F2AA60-271F-4ED5-A1E8-572BCA277F68}.Release|Any CPU.ActiveCfg = Release|Any CPU
		{B1F2AA60-271F-4ED5-A1E8-572BCA277F68}.Release|Any CPU.Build.0 = Release|Any CPU
		{B8471213-2987-4DAD-8A93-A5C23380FFB7}.Debug|Any CPU.ActiveCfg = Debug|Any CPU
		{B8471213-2987-4DAD-8A93-A5C23380FFB7}.Debug|Any CPU.Build.0 = Debug|Any CPU
		{B8471213-2987-4DAD-8A93-A5C23380FFB7}.Release|Any CPU.ActiveCfg = Release|Any CPU
		{B8471213-2987-4DAD-8A93-A5C23380FFB7}.Release|Any CPU.Build.0 = Release|Any CPU
		{982953CE-E0F7-4194-BECD-29330EEC4BD5}.Debug|Any CPU.ActiveCfg = Debug|Any CPU
		{982953CE-E0F7-4194-BECD-29330EEC4BD5}.Debug|Any CPU.Build.0 = Debug|Any CPU
		{982953CE-E0F7-4194-BECD-29330EEC4BD5}.Release|Any CPU.ActiveCfg = Release|Any CPU
		{982953CE-E0F7-4194-BECD-29330EEC4BD5}.Release|Any CPU.Build.0 = Release|Any CPU
		{39A69463-6526-4CCE-92C5-819CF23B6D2D}.Debug|Any CPU.ActiveCfg = Debug|Any CPU
		{39A69463-6526-4CCE-92C5-819CF23B6D2D}.Debug|Any CPU.Build.0 = Debug|Any CPU
		{39A69463-6526-4CCE-92C5-819CF23B6D2D}.Release|Any CPU.ActiveCfg = Release|Any CPU
		{39A69463-6526-4CCE-92C5-819CF23B6D2D}.Release|Any CPU.Build.0 = Release|Any CPU
		{B2C5A3B7-4E19-42AE-B9FA-8E26D78EBA47}.Debug|Any CPU.ActiveCfg = Debug|Any CPU
		{B2C5A3B7-4E19-42AE-B9FA-8E26D78EBA47}.Debug|Any CPU.Build.0 = Debug|Any CPU
		{B2C5A3B7-4E19-42AE-B9FA-8E26D78EBA47}.Release|Any CPU.ActiveCfg = Release|Any CPU
		{B2C5A3B7-4E19-42AE-B9FA-8E26D78EBA47}.Release|Any CPU.Build.0 = Release|Any CPU
		{DF7DFA09-7AF6-4C11-B2C5-5667410E71FA}.Debug|Any CPU.ActiveCfg = Debug|Any CPU
		{DF7DFA09-7AF6-4C11-B2C5-5667410E71FA}.Debug|Any CPU.Build.0 = Debug|Any CPU
		{DF7DFA09-7AF6-4C11-B2C5-5667410E71FA}.Release|Any CPU.ActiveCfg = Release|Any CPU
		{DF7DFA09-7AF6-4C11-B2C5-5667410E71FA}.Release|Any CPU.Build.0 = Release|Any CPU
		{BCDA29FD-0FDB-405C-BF0F-1CC89D2E9FB6}.Debug|Any CPU.ActiveCfg = Debug|Any CPU
		{BCDA29FD-0FDB-405C-BF0F-1CC89D2E9FB6}.Debug|Any CPU.Build.0 = Debug|Any CPU
		{BCDA29FD-0FDB-405C-BF0F-1CC89D2E9FB6}.Release|Any CPU.ActiveCfg = Release|Any CPU
		{BCDA29FD-0FDB-405C-BF0F-1CC89D2E9FB6}.Release|Any CPU.Build.0 = Release|Any CPU
		{F2D2A600-2DE7-4C0B-9D40-3EAEC6EDD92A}.Debug|Any CPU.ActiveCfg = Debug|Any CPU
		{F2D2A600-2DE7-4C0B-9D40-3EAEC6EDD92A}.Debug|Any CPU.Build.0 = Debug|Any CPU
		{F2D2A600-2DE7-4C0B-9D40-3EAEC6EDD92A}.Release|Any CPU.ActiveCfg = Release|Any CPU
		{F2D2A600-2DE7-4C0B-9D40-3EAEC6EDD92A}.Release|Any CPU.Build.0 = Release|Any CPU
		{C68CAA1B-46FA-4188-B776-FC570EF8014D}.Debug|Any CPU.ActiveCfg = Debug|Any CPU
		{C68CAA1B-46FA-4188-B776-FC570EF8014D}.Debug|Any CPU.Build.0 = Debug|Any CPU
		{C68CAA1B-46FA-4188-B776-FC570EF8014D}.Release|Any CPU.ActiveCfg = Release|Any CPU
		{C68CAA1B-46FA-4188-B776-FC570EF8014D}.Release|Any CPU.Build.0 = Release|Any CPU
		{10D2B6E0-AA95-4D5A-AAFB-917418A6B7F5}.Debug|Any CPU.ActiveCfg = Debug|Any CPU
		{10D2B6E0-AA95-4D5A-AAFB-917418A6B7F5}.Debug|Any CPU.Build.0 = Debug|Any CPU
		{10D2B6E0-AA95-4D5A-AAFB-917418A6B7F5}.Release|Any CPU.ActiveCfg = Release|Any CPU
		{10D2B6E0-AA95-4D5A-AAFB-917418A6B7F5}.Release|Any CPU.Build.0 = Release|Any CPU
		{B35D56C3-6621-46A6-A275-6FE0CA0B1C34}.Debug|Any CPU.ActiveCfg = Debug|Any CPU
		{B35D56C3-6621-46A6-A275-6FE0CA0B1C34}.Debug|Any CPU.Build.0 = Debug|Any CPU
		{B35D56C3-6621-46A6-A275-6FE0CA0B1C34}.Release|Any CPU.ActiveCfg = Release|Any CPU
		{B35D56C3-6621-46A6-A275-6FE0CA0B1C34}.Release|Any CPU.Build.0 = Release|Any CPU
		{7844CE11-A8A4-4C63-82D1-B0B8F81850FA}.Debug|Any CPU.ActiveCfg = Debug|Any CPU
		{7844CE11-A8A4-4C63-82D1-B0B8F81850FA}.Debug|Any CPU.Build.0 = Debug|Any CPU
		{7844CE11-A8A4-4C63-82D1-B0B8F81850FA}.Release|Any CPU.ActiveCfg = Release|Any CPU
		{7844CE11-A8A4-4C63-82D1-B0B8F81850FA}.Release|Any CPU.Build.0 = Release|Any CPU
		{2519C062-1DE2-485F-93B6-178844CF5FE3}.Debug|Any CPU.ActiveCfg = Debug|Any CPU
		{2519C062-1DE2-485F-93B6-178844CF5FE3}.Debug|Any CPU.Build.0 = Debug|Any CPU
		{2519C062-1DE2-485F-93B6-178844CF5FE3}.Release|Any CPU.ActiveCfg = Release|Any CPU
		{2519C062-1DE2-485F-93B6-178844CF5FE3}.Release|Any CPU.Build.0 = Release|Any CPU
		{4D7EEE31-E0FF-4662-8DBD-0BA191DD6F30}.Debug|Any CPU.ActiveCfg = Debug|Any CPU
		{4D7EEE31-E0FF-4662-8DBD-0BA191DD6F30}.Debug|Any CPU.Build.0 = Debug|Any CPU
		{4D7EEE31-E0FF-4662-8DBD-0BA191DD6F30}.Release|Any CPU.ActiveCfg = Release|Any CPU
		{4D7EEE31-E0FF-4662-8DBD-0BA191DD6F30}.Release|Any CPU.Build.0 = Release|Any CPU
		{0B09903F-4FA8-46EB-B3B8-22638A32C9BE}.Debug|Any CPU.ActiveCfg = Debug|Any CPU
		{0B09903F-4FA8-46EB-B3B8-22638A32C9BE}.Debug|Any CPU.Build.0 = Debug|Any CPU
		{0B09903F-4FA8-46EB-B3B8-22638A32C9BE}.Release|Any CPU.ActiveCfg = Release|Any CPU
		{0B09903F-4FA8-46EB-B3B8-22638A32C9BE}.Release|Any CPU.Build.0 = Release|Any CPU
		{2629CF4D-62AD-487F-A86A-D0FF51EF14EA}.Debug|Any CPU.ActiveCfg = Debug|Any CPU
		{2629CF4D-62AD-487F-A86A-D0FF51EF14EA}.Debug|Any CPU.Build.0 = Debug|Any CPU
		{2629CF4D-62AD-487F-A86A-D0FF51EF14EA}.Release|Any CPU.ActiveCfg = Release|Any CPU
		{2629CF4D-62AD-487F-A86A-D0FF51EF14EA}.Release|Any CPU.Build.0 = Release|Any CPU
		{FFFEF327-D639-468C-94A2-F4EC1EBA3D91}.Debug|Any CPU.ActiveCfg = Debug|Any CPU
		{FFFEF327-D639-468C-94A2-F4EC1EBA3D91}.Debug|Any CPU.Build.0 = Debug|Any CPU
		{FFFEF327-D639-468C-94A2-F4EC1EBA3D91}.Release|Any CPU.ActiveCfg = Release|Any CPU
		{FFFEF327-D639-468C-94A2-F4EC1EBA3D91}.Release|Any CPU.Build.0 = Release|Any CPU
		{A8A6D6C6-688B-4386-92ED-3D6499A32BF9}.Debug|Any CPU.ActiveCfg = Debug|Any CPU
		{A8A6D6C6-688B-4386-92ED-3D6499A32BF9}.Debug|Any CPU.Build.0 = Debug|Any CPU
		{A8A6D6C6-688B-4386-92ED-3D6499A32BF9}.Release|Any CPU.ActiveCfg = Release|Any CPU
		{A8A6D6C6-688B-4386-92ED-3D6499A32BF9}.Release|Any CPU.Build.0 = Release|Any CPU
		{7EB0A7DE-E12B-45E5-8808-947B9B29AF08}.Debug|Any CPU.ActiveCfg = Debug|Any CPU
		{7EB0A7DE-E12B-45E5-8808-947B9B29AF08}.Debug|Any CPU.Build.0 = Debug|Any CPU
		{7EB0A7DE-E12B-45E5-8808-947B9B29AF08}.Release|Any CPU.ActiveCfg = Release|Any CPU
		{7EB0A7DE-E12B-45E5-8808-947B9B29AF08}.Release|Any CPU.Build.0 = Release|Any CPU
		{151294EE-3442-46F8-811A-F84821672EC2}.Debug|Any CPU.ActiveCfg = Debug|Any CPU
		{151294EE-3442-46F8-811A-F84821672EC2}.Debug|Any CPU.Build.0 = Debug|Any CPU
		{151294EE-3442-46F8-811A-F84821672EC2}.Release|Any CPU.ActiveCfg = Release|Any CPU
		{151294EE-3442-46F8-811A-F84821672EC2}.Release|Any CPU.Build.0 = Release|Any CPU
		{CC41A929-0F9E-441B-A5AF-FC045FF5D34A}.Debug|Any CPU.ActiveCfg = Debug|Any CPU
		{CC41A929-0F9E-441B-A5AF-FC045FF5D34A}.Debug|Any CPU.Build.0 = Debug|Any CPU
		{CC41A929-0F9E-441B-A5AF-FC045FF5D34A}.Release|Any CPU.ActiveCfg = Release|Any CPU
		{CC41A929-0F9E-441B-A5AF-FC045FF5D34A}.Release|Any CPU.Build.0 = Release|Any CPU
		{B1EDA4A0-FE04-4154-969D-E65A37B11B37}.Debug|Any CPU.ActiveCfg = Debug|Any CPU
		{B1EDA4A0-FE04-4154-969D-E65A37B11B37}.Debug|Any CPU.Build.0 = Debug|Any CPU
		{B1EDA4A0-FE04-4154-969D-E65A37B11B37}.Release|Any CPU.ActiveCfg = Release|Any CPU
		{B1EDA4A0-FE04-4154-969D-E65A37B11B37}.Release|Any CPU.Build.0 = Release|Any CPU
		{ED26CBF3-0BFC-4EA8-BE04-C2CA28886716}.Debug|Any CPU.ActiveCfg = Debug|Any CPU
		{ED26CBF3-0BFC-4EA8-BE04-C2CA28886716}.Debug|Any CPU.Build.0 = Debug|Any CPU
		{ED26CBF3-0BFC-4EA8-BE04-C2CA28886716}.Release|Any CPU.ActiveCfg = Release|Any CPU
		{ED26CBF3-0BFC-4EA8-BE04-C2CA28886716}.Release|Any CPU.Build.0 = Release|Any CPU
		{D6299431-BFC8-4D77-AD37-8366D5FCBF28}.Debug|Any CPU.ActiveCfg = Debug|Any CPU
		{D6299431-BFC8-4D77-AD37-8366D5FCBF28}.Debug|Any CPU.Build.0 = Debug|Any CPU
		{D6299431-BFC8-4D77-AD37-8366D5FCBF28}.Release|Any CPU.ActiveCfg = Release|Any CPU
		{D6299431-BFC8-4D77-AD37-8366D5FCBF28}.Release|Any CPU.Build.0 = Release|Any CPU
	EndGlobalSection
	GlobalSection(SolutionProperties) = preSolution
		HideSolutionNode = FALSE
	EndGlobalSection
	GlobalSection(ExtensibilityGlobals) = postSolution
		SolutionGuid = {EA54635A-E86C-4BD4-9E48-04E2BD09B647}
	EndGlobalSection
EndGlobal
